<?xml version="1.0" encoding="utf-8"?>
<Project ToolsVersion="4.0" xmlns="http://schemas.microsoft.com/developer/msbuild/2003">
  <ItemGroup>
    <Filter Include="Source Files">
      <UniqueIdentifier>{4FC737F1-C7A5-4376-A066-2A32D752A2FF}</UniqueIdentifier>
      <Extensions>cpp;c;cc;cxx;def;odl;idl;hpj;bat;asm;asmx</Extensions>
    </Filter>
    <Filter Include="Header Files">
      <UniqueIdentifier>{93995380-89BD-4b04-88EB-625FBE52EBFB}</UniqueIdentifier>
      <Extensions>h;hh;hpp;hxx;hm;inl;inc;xsd</Extensions>
    </Filter>
    <Filter Include="Resource Files">
      <UniqueIdentifier>{67DA6AB6-F800-4c08-8B7A-83BB121AAD01}</UniqueIdentifier>
      <Extensions>rc;ico;cur;bmp;dlg;rc2;rct;bin;rgs;gif;jpg;jpeg;jpe;resx;tiff;tif;png;wav;mfcribbon-ms</Extensions>
    </Filter>
    <Filter Include="Header Files\Logging">
      <UniqueIdentifier>{f20a8de2-4e8c-46ff-9883-26a2be24b398}</UniqueIdentifier>
    </Filter>
    <Filter Include="Source Files\Logging">
      <UniqueIdentifier>{bc78cfdf-4b50-48c3-8ea3-6e6a861f9f92}</UniqueIdentifier>
    </Filter>
    <Filter Include="Header Files\Utility">
      <UniqueIdentifier>{ac798543-3cef-49f9-8d7d-0b2d93f7b7a6}</UniqueIdentifier>
    </Filter>
    <Filter Include="Source Files\Utility">
      <UniqueIdentifier>{cdfdd36c-e2dc-496b-a4f6-6ca228d77603}</UniqueIdentifier>
    </Filter>
    <Filter Include="Header Files\Engine">
      <UniqueIdentifier>{104fe9b3-d5cf-4867-b3a5-77aa5fa03e11}</UniqueIdentifier>
    </Filter>
    <Filter Include="Source Files\Engine">
      <UniqueIdentifier>{91c4b705-f5bf-465c-ae85-406916f7f5aa}</UniqueIdentifier>
    </Filter>
    <Filter Include="Header Files\World">
      <UniqueIdentifier>{73dabfc1-9314-4573-9827-e1fc49379e5c}</UniqueIdentifier>
    </Filter>
    <Filter Include="Source Files\World">
      <UniqueIdentifier>{0398c954-6856-43c9-8016-abff76e7dcb0}</UniqueIdentifier>
    </Filter>
    <Filter Include="Header Files\Game">
      <UniqueIdentifier>{197fd6e4-fca3-4639-bbd7-aa5ba68b7084}</UniqueIdentifier>
    </Filter>
    <Filter Include="Source Files\Game">
      <UniqueIdentifier>{c84cfff9-b6c0-46b0-a43d-d083f8cb2735}</UniqueIdentifier>
    </Filter>
    <Filter Include="Header Files\Scripting">
      <UniqueIdentifier>{04412f89-f140-48a5-9d23-5d7166aadf83}</UniqueIdentifier>
    </Filter>
    <Filter Include="Source Files\Scripting">
      <UniqueIdentifier>{04789404-91f7-4691-bd05-a0a71bd44a0b}</UniqueIdentifier>
    </Filter>
  </ItemGroup>
  <ItemGroup>
    <ClInclude Include="Logging\ConsoleSink.h">
      <Filter>Header Files\Logging</Filter>
    </ClInclude>
    <ClInclude Include="Logging\FileSink.h">
      <Filter>Header Files\Logging</Filter>
    </ClInclude>
    <ClInclude Include="Logging\Logger.h">
      <Filter>Header Files\Logging</Filter>
    </ClInclude>
    <ClInclude Include="Logging\LogLevel.h">
      <Filter>Header Files\Logging</Filter>
    </ClInclude>
    <ClInclude Include="Logging\LogMacros.h">
      <Filter>Header Files\Logging</Filter>
    </ClInclude>
    <ClInclude Include="Logging\LogManager.h">
      <Filter>Header Files\Logging</Filter>
    </ClInclude>
    <ClInclude Include="Logging\LogMessage.h">
      <Filter>Header Files\Logging</Filter>
    </ClInclude>
    <ClInclude Include="Logging\LogSink.h">
      <Filter>Header Files\Logging</Filter>
    </ClInclude>
    <ClInclude Include="Utility\Types.h">
      <Filter>Header Files\Utility</Filter>
    </ClInclude>
    <ClInclude Include="Logging\VSDebugSink.h">
      <Filter>Header Files\Logging</Filter>
    </ClInclude>
    <ClInclude Include="Engine\GEngine.h">
      <Filter>Header Files\Engine</Filter>
    </ClInclude>
    <ClInclude Include="Engine\Window.h">
      <Filter>Header Files\Engine</Filter>
    </ClInclude>
    <ClInclude Include="Utility\Event.h">
      <Filter>Header Files\Utility</Filter>
    </ClInclude>
    <ClInclude Include="Engine\InputManager.h">
      <Filter>Header Files\Engine</Filter>
    </ClInclude>
    <ClInclude Include="Engine\Input.h">
      <Filter>Header Files\Engine</Filter>
    </ClInclude>
    <ClInclude Include="World\World.h">
      <Filter>Header Files\World</Filter>
    </ClInclude>
    <ClInclude Include="Engine\Bootstrap.h">
      <Filter>Header Files\Engine</Filter>
    </ClInclude>
    <ClInclude Include="World\Actor.h">
      <Filter>Header Files\World</Filter>
    </ClInclude>
    <ClInclude Include="Engine\Shader.h">
      <Filter>Header Files\Engine</Filter>
    </ClInclude>
    <ClInclude Include="Engine\Mesh.h">
      <Filter>Header Files\Engine</Filter>
    </ClInclude>
    <ClInclude Include="World\Component.h">
      <Filter>Header Files\World</Filter>
    </ClInclude>
    <ClInclude Include="World\StaticMeshComponent.h">
      <Filter>Header Files\World</Filter>
    </ClInclude>
    <ClInclude Include="World\CameraComponent.h">
      <Filter>Header Files\World</Filter>
    </ClInclude>
    <ClInclude Include="Game\Setup.h">
      <Filter>Header Files\Game</Filter>
    </ClInclude>
    <ClInclude Include="WakeDefines.h">
      <Filter>Header Files\Game</Filter>
    </ClInclude>
    <ClInclude Include="Scripting\ScriptManager.h">
      <Filter>Header Files\Scripting</Filter>
    </ClInclude>
    <ClInclude Include="Scripting\LuaLibRegistry.h">
      <Filter>Header Files\Scripting</Filter>
    </ClInclude>
    <ClInclude Include="Scripting\LuaEngine.h">
      <Filter>Header Files\Scripting</Filter>
    </ClInclude>
    <ClInclude Include="Scripting\LuaInput.h">
      <Filter>Header Files\Scripting</Filter>
    </ClInclude>
    <ClInclude Include="Scripting\LuaLogging.h">
      <Filter>Header Files\Scripting</Filter>
    </ClInclude>
    <ClInclude Include="Utility\LuaExt.h">
      <Filter>Header Files\Scripting</Filter>
    </ClInclude>
    <ClInclude Include="Scripting\LuaEvent.h">
      <Filter>Header Files\Scripting</Filter>
    </ClInclude>
    <ClInclude Include="Scripting\LuaVector.h">
      <Filter>Header Files\Scripting</Filter>
    </ClInclude>
    <ClInclude Include="Scripting\LuaMatrix2x2.h">
      <Filter>Header Files\Scripting</Filter>
    </ClInclude>
  </ItemGroup>
  <ItemGroup>
    <ClCompile Include="Main.cpp">
      <Filter>Source Files</Filter>
    </ClCompile>
    <ClCompile Include="Logging\ConsoleSink.cpp">
      <Filter>Source Files\Logging</Filter>
    </ClCompile>
    <ClCompile Include="Logging\FileSink.cpp">
      <Filter>Source Files\Logging</Filter>
    </ClCompile>
    <ClCompile Include="Logging\Logger.cpp">
      <Filter>Source Files\Logging</Filter>
    </ClCompile>
    <ClCompile Include="Logging\LogLevel.cpp">
      <Filter>Source Files\Logging</Filter>
    </ClCompile>
    <ClCompile Include="Logging\LogManager.cpp">
      <Filter>Source Files\Logging</Filter>
    </ClCompile>
    <ClCompile Include="Logging\LogSink.cpp">
      <Filter>Source Files\Logging</Filter>
    </ClCompile>
    <ClCompile Include="Logging\VSDebugSink.cpp">
      <Filter>Source Files\Logging</Filter>
    </ClCompile>
    <ClCompile Include="Engine\GEngine.cpp">
      <Filter>Source Files\Engine</Filter>
    </ClCompile>
    <ClCompile Include="Engine\Window.cpp">
      <Filter>Source Files\Engine</Filter>
    </ClCompile>
    <ClCompile Include="Engine\InputManager.cpp">
      <Filter>Source Files\Engine</Filter>
    </ClCompile>
    <ClCompile Include="Engine\Input.cpp">
      <Filter>Source Files\Engine</Filter>
    </ClCompile>
    <ClCompile Include="Engine\Bootstrap.cpp">
      <Filter>Source Files\Engine</Filter>
    </ClCompile>
    <ClCompile Include="World\Actor.cpp">
      <Filter>Source Files\World</Filter>
    </ClCompile>
    <ClCompile Include="World\World.cpp">
      <Filter>Source Files\World</Filter>
    </ClCompile>
    <ClCompile Include="Engine\Shader.cpp">
      <Filter>Source Files\Engine</Filter>
    </ClCompile>
    <ClCompile Include="Engine\Mesh.cpp">
      <Filter>Source Files\Engine</Filter>
    </ClCompile>
    <ClCompile Include="World\Component.cpp">
      <Filter>Source Files\World</Filter>
    </ClCompile>
    <ClCompile Include="World\StaticMeshComponent.cpp">
      <Filter>Source Files\World</Filter>
    </ClCompile>
    <ClCompile Include="World\CameraComponent.cpp">
      <Filter>Source Files\World</Filter>
    </ClCompile>
    <ClCompile Include="Game\Setup.cpp">
      <Filter>Source Files\Game</Filter>
    </ClCompile>
    <ClCompile Include="Scripting\ScriptManager.cpp">
      <Filter>Source Files\Scripting</Filter>
    </ClCompile>
    <ClCompile Include="Scripting\LuaLibRegistry.cpp">
      <Filter>Source Files\Scripting</Filter>
    </ClCompile>
    <ClCompile Include="Scripting\LuaInput.cpp">
      <Filter>Source Files\Scripting</Filter>
    </ClCompile>
    <ClCompile Include="Scripting\LuaEngine.cpp">
      <Filter>Source Files\Scripting</Filter>
    </ClCompile>
    <ClCompile Include="Scripting\LuaLogging.cpp">
      <Filter>Source Files\Scripting</Filter>
    </ClCompile>
    <ClCompile Include="Utility\LuaExt.cpp">
      <Filter>Source Files\Utility</Filter>
    </ClCompile>
    <ClCompile Include="Scripting\LuaEvent.cpp">
      <Filter>Source Files\Scripting</Filter>
    </ClCompile>
    <ClCompile Include="Scripting\LuaVector.cpp">
      <Filter>Source Files\Scripting</Filter>
    </ClCompile>
    <ClCompile Include="Scripting\LuaMatrix2x2.cpp">
      <Filter>Source Files\Scripting</Filter>
    </ClCompile>
  </ItemGroup>
  <ItemGroup>
    <None Include="packages.config" />
  </ItemGroup>
</Project>